{
  "name": "kxco-pq-tls",
  "version": "1.0.0",
  "lockfileVersion": 3,
  "requires": true,
  "packages": {
    "": {
      "name": "kxco-pq-tls",
      "version": "1.0.0",
      "license": "Apache-2.0",
      "dependencies": {
        "@noble/ciphers": "^1.0.0",
        "@noble/curves": "^1.8.0",
        "@noble/hashes": "^1.7.0",
        "kxco-post-quantum": "^1.1.6"
      },
      "devDependencies": {},
      "engines": {
        "node": ">=20.19"
      }
    },
    "node_modules/@noble/ciphers": {
      "version": "1.3.0",
      "resolved": "https://registry.npmjs.org/@noble/ciphers/-/ciphers-1.3.0.tgz",
      "integrity": "sha512-2I0gnIVPtfnMw9ee9h1dJG7tp81+8Ob3OJb3Mv37rx5L40/b0i7djjCVvGOVqc9AEIQyvyu1i6ypKdFw8R8gQw==",
      "license": "MIT",
      "engines": {
        "node": "^14.21.3 || >=16"
      },
      "funding": {
        "url": "https://paulmillr.com/funding/"
      }
    },
    "node_modules/@noble/curves": {
      "version": "1.9.7",
      "resolved": "https://registry.npmjs.org/@noble/curves/-/curves-1.9.7.tgz",
      "integrity": "sha512-gbKGcRUYIjA3/zCCNaWDciTMFI0dCkvou3TL8Zmy5Nc7sJ47a0jtOeZoTaMxkuqRo9cRhjOdZJXegxYE5FN/xw==",
      "license": "MIT",
      "dependencies": {
        "@noble/hashes": "1.8.0"
      },
      "engines": {
        "node": "^14.21.3 || >=16"
      },
      "funding": {
        "url": "https://paulmillr.com/funding/"
      }
    },
    "node_modules/@noble/hashes": {
      "version": "1.8.0",
      "resolved": "https://registry.npmjs.org/@noble/hashes/-/hashes-1.8.0.tgz",
      "integrity": "sha512-jCs9ldd7NwzpgXDIf6P3+NrHh9/sD6CQdxHyjQI+h/6rDNo88ypBxxz45UDuZHz9r3tNz7N/VInSVoVdtXEI4A==",
      "license": "MIT",
      "engines": {
        "node": "^14.21.3 || >=16"
      },
      "funding": {
        "url": "https://paulmillr.com/funding/"
      }
    },
    "node_modules/@noble/post-quantum": {
      "version": "0.2.1",
      "resolved": "https://registry.npmjs.org/@noble/post-quantum/-/post-quantum-0.2.1.tgz",
      "integrity": "sha512-ImgfMp9notXSEocz464o1AefYfFWEkkszKMGO+ZiTn73yIBFeNyEHKQUMS+SheJwSNymldSts6YyVcQDjcnVVg==",
      "license": "MIT",
      "dependencies": {
        "@noble/hashes": "1.6.0"
      },
      "funding": {
        "url": "https://paulmillr.com/funding/"
      }
    },
    "node_modules/@noble/post-quantum/node_modules/@noble/hashes": {
      "version": "1.6.0",
      "resolved": "https://registry.npmjs.org/@noble/hashes/-/hashes-1.6.0.tgz",
      "integrity": "sha512-YUULf0Uk4/mAA89w+k3+yUYh6NrEvxZa5T6SY3wlMvE2chHkxFUUIDI8/XW1QSC357iA5pSnqt7XEhvFOqmDyQ==",
      "license": "MIT",
      "engines": {
        "node": "^14.21.3 || >=16"
      },
      "funding": {
        "url": "https://paulmillr.com/funding/"
      }
    },
    "node_modules/kxco-post-quantum": {
      "version": "1.1.6",
      "resolved": "https://registry.npmjs.org/kxco-post-quantum/-/kxco-post-quantum-1.1.6.tgz",
      "integrity": "sha512-5JF4r5ypOm6soetmrCcfLM08+TGFafo/Upv80tV/jSxhgK9LVuy+05p+Sb+2tjukHpV4lFBOHfpMhQCWzdXFgg==",
      "license": "MIT",
      "dependencies": {
        "@noble/hashes": "^2.2.0",
        "@noble/post-quantum": "^0.2.1"
      },
      "engines": {
        "node": ">=20.19"
      },
      "funding": {
        "url": "https://kxco.ai"
      }
    },
    "node_modules/kxco-post-quantum/node_modules/@noble/hashes": {
      "version": "2.2.0",
      "resolved": "https://registry.npmjs.org/@noble/hashes/-/hashes-2.2.0.tgz",
      "integrity": "sha512-IYqDGiTXab6FniAgnSdZwgWbomxpy9FtYvLKs7wCUs2a8RkITG+DFGO1DM9cr+E3/RgADRpFjrKVaJ1z6sjtEg==",
      "license": "MIT",
      "engines": {
        "node": ">= 20.19.0"
      },
      "funding": {
        "url": "https://paulmillr.com/funding/"
      }
    }
  }
}
